hash: 3322ed71b1f86e03380a355628c5a99c7b791d32c0686dd3ac06bf2078839635
updated: 2017-04-02T15:15:15.860239359-04:00
imports:
- name: github.com/codegangsta/cli
  version: 8ba6f23b6e36d03666a14bd9421f5e3efcb59aca
- name: github.com/go-stack/stack
  version: 100eb0c0a9c5b306ca2fb4f165df21d80ada4b82
- name: github.com/mattn/go-colorable
  version: ded68f7a9561c023e790de24279db7ebf473ea80
- name: github.com/mattn/go-isatty
  version: fc9e8d8ef48496124e79ae0df75490096eccf6fe
- name: github.com/tendermint/go-common
  version: dcb015dff6c7af21e65c8e2f3b450df19d38c777
- name: github.com/tendermint/go-logger
  version: cefb3a45c0bf3c493a04e9bcd9b1540528be59f2
- name: github.com/tendermint/go-process
  version: b27edfd189b1a01a0b099f7e9f8263589cf04909
- name: github.com/tendermint/go-wire
  version: f530b7af7a8b06e612c2063bff6ace49060a085e
- name: github.com/tendermint/log15
  version: ae0f3d6450da9eac7074b439c8e1c3cabf0d5ce6
  subpackages:
  - term
- name: golang.org/x/crypto
  version: 3cb07270c9455e8ad27956a70891c962d121a228
  subpackages:
  - ripemd160
- name: golang.org/x/sys
  version: 9a7256cb28ed514b4e1e5f68959914c4c28a92e0
  subpackages:
  - unix
testImports: []
